{
  "R": {
    "Version": "4.5.0",
    "Repositories": [
      {
        "Name": "CRAN",
        "URL": "https://cloud.r-project.org"
      }
    ]
  },
  "Packages": {
    "fitdistrplus": {
      "Package": "fitdistrplus",
      "Version": "1.2-2",
      "Source": "Repository",
      "Title": "Help to Fit of a Parametric Distribution to Non-Censored or Censored Data",
      "Authors@R": "c(person(\"Marie-Laure\", \"Delignette-Muller\", role = \"aut\", email = \"marielaure.delignettemuller@vetagro-sup.fr\", comment = c(ORCID = \"0000-0001-5453-3994\")), person(\"Christophe\", \"Dutang\", role = \"aut\", email = \"christophe.dutang@ensimag.fr\", comment = c(ORCID = \"0000-0001-6732-1501\")), person(\"Regis\", \"Pouillot\", role = \"ctb\"), person(\"Jean-Baptiste\", \"Denis\", role = \"ctb\"), person(\"Aurélie\", \"Siberchicot\", role = c(\"aut\", \"cre\"), email = \"aurelie.siberchicot@univ-lyon1.fr\", comment = c(ORCID = \"0000-0002-7638-8318\")))",
      "Description": "Extends the fitdistr() function (of the MASS package) with several functions  to help the fit of a parametric distribution to non-censored or censored data.  Censored data may contain left censored, right censored and interval censored values,  with several lower and upper bounds. In addition to maximum likelihood estimation (MLE),  the package provides moment matching (MME), quantile matching (QME), maximum goodness-of-fit  estimation (MGE) and maximum spacing estimation (MSE) methods (available only for  non-censored data). Weighted versions of MLE, MME, QME and MSE are available. See e.g.  Casella & Berger (2002), Statistical inference, Pacific Grove, for a general introduction  to parametric estimation.",
      "Depends": [
        "R (>= 3.5.0)",
        "MASS",
        "grDevices",
        "survival",
        "methods"
      ],
      "Imports": [
        "stats",
        "rlang"
      ],
      "Suggests": [
        "actuar",
        "rgenoud",
        "mc2d",
        "gamlss.dist",
        "knitr",
        "ggplot2",
        "GeneralizedHyperbolic",
        "rmarkdown",
        "Hmisc",
        "bookdown"
      ],
      "VignetteBuilder": "knitr",
      "BuildVignettes": "true",
      "License": "GPL (>= 2)",
      "Encoding": "UTF-8",
      "URL": "https://lbbe-software.github.io/fitdistrplus/, https://lbbe.univ-lyon1.fr/fr/fitdistrplus, https://github.com/lbbe-software/fitdistrplus",
      "BugReports": "https://github.com/lbbe-software/fitdistrplus/issues",
      "Contact": "Marie-Laure Delignette-Muller <marielaure.delignettemuller@vetagro-sup.fr> or Christophe Dutang <christophe.dutang@ensimag.fr>",
      "NeedsCompilation": "no",
      "Author": "Marie-Laure Delignette-Muller [aut] (<https://orcid.org/0000-0001-5453-3994>), Christophe Dutang [aut] (<https://orcid.org/0000-0001-6732-1501>), Regis Pouillot [ctb], Jean-Baptiste Denis [ctb], Aurélie Siberchicot [aut, cre] (<https://orcid.org/0000-0002-7638-8318>)",
      "Maintainer": "Aurélie Siberchicot <aurelie.siberchicot@univ-lyon1.fr>",
      "Repository": "https://packagemanager.posit.co/cran/__linux__/noble/latest"
    },
    "renv": {
      "Package": "renv",
      "Version": "1.1.4",
      "OS_type": null,
      "NeedsCompilation": "no",
      "Repository": "CRAN",
      "Source": "Repository"
    },
    "rlang": {
      "Package": "rlang",
      "Version": "1.1.6",
      "Source": "Repository",
      "Title": "Functions for Base Types and Core R and 'Tidyverse' Features",
      "Description": "A toolbox for working with base types, core R features like the condition system, and core 'Tidyverse' features like tidy evaluation.",
      "Authors@R": "c( person(\"Lionel\", \"Henry\", ,\"lionel@posit.co\", c(\"aut\", \"cre\")), person(\"Hadley\", \"Wickham\", ,\"hadley@posit.co\", \"aut\"), person(given = \"mikefc\", email = \"mikefc@coolbutuseless.com\", role = \"cph\", comment = \"Hash implementation based on Mike's xxhashlite\"), person(given = \"Yann\", family = \"Collet\", role = \"cph\", comment = \"Author of the embedded xxHash library\"), person(given = \"Posit, PBC\", role = c(\"cph\", \"fnd\")) )",
      "License": "MIT + file LICENSE",
      "ByteCompile": "true",
      "Biarch": "true",
      "Depends": [
        "R (>= 3.5.0)"
      ],
      "Imports": [
        "utils"
      ],
      "Suggests": [
        "cli (>= 3.1.0)",
        "covr",
        "crayon",
        "desc",
        "fs",
        "glue",
        "knitr",
        "magrittr",
        "methods",
        "pillar",
        "pkgload",
        "rmarkdown",
        "stats",
        "testthat (>= 3.2.0)",
        "tibble",
        "usethis",
        "vctrs (>= 0.2.3)",
        "withr"
      ],
      "Enhances": [
        "winch"
      ],
      "Encoding": "UTF-8",
      "RoxygenNote": "7.3.2",
      "URL": "https://rlang.r-lib.org, https://github.com/r-lib/rlang",
      "BugReports": "https://github.com/r-lib/rlang/issues",
      "Config/build/compilation-database": "true",
      "Config/testthat/edition": "3",
      "Config/Needs/website": "dplyr, tidyverse/tidytemplate",
      "NeedsCompilation": "yes",
      "Author": "Lionel Henry [aut, cre], Hadley Wickham [aut], mikefc [cph] (Hash implementation based on Mike's xxhashlite), Yann Collet [cph] (Author of the embedded xxHash library), Posit, PBC [cph, fnd]",
      "Maintainer": "Lionel Henry <lionel@posit.co>",
      "Repository": "CRAN"
    }
  }
}
